{
  "version": "3",
  "packages": {
    "specifiers": {
      "npm:@exodus/schemasafe": "npm:@exodus/schemasafe@1.3.0",
      "npm:@exodus/schemasafe@1.3.0": "npm:@exodus/schemasafe@1.3.0",
      "npm:@exodus/schemasafe@^1.3.0": "npm:@exodus/schemasafe@1.3.0",
      "npm:commander": "npm:commander@11.0.0",
      "npm:commander@11.1.0": "npm:commander@11.1.0",
      "npm:commander@^11.1.0": "npm:commander@11.1.0",
      "npm:octokat": "npm:octokat@0.10.0",
      "npm:octokit": "npm:octokit@3.1.1_@octokit+core@5.0.1",
      "npm:valid-url": "npm:valid-url@1.0.9",
      "npm:valid-url@1.0.9": "npm:valid-url@1.0.9",
      "npm:valid-url@^1.0.9": "npm:valid-url@1.0.9",
      "npm:xml2js": "npm:xml2js@0.6.2",
      "npm:xml2js@0.6.2": "npm:xml2js@0.6.2",
      "npm:xml2js@^0.6.2": "npm:xml2js@0.6.2"
    },
    "npm": {
      "@exodus/schemasafe@1.3.0": {
        "integrity": "sha512-5Aap/GaRupgNx/feGBwLLTVv8OQFfv3pq2lPRzPg9R+IOBnDgghTGW7l7EuVXOvg5cc/xSAlRW8rBrjIC3Nvqw==",
        "dependencies": {}
      },
      "@octokit/app@14.0.1_@octokit+core@5.0.1": {
        "integrity": "sha512-4opdXcWBVhzd6FOxlaxDKXXqi9Vz2hsDSWQGNo49HbYFAX11UqMpksMjEdfvHy0x19Pse8Nvn+R6inNb/V398w==",
        "dependencies": {
          "@octokit/auth-app": "@octokit/auth-app@6.0.1",
          "@octokit/auth-unauthenticated": "@octokit/auth-unauthenticated@5.0.1",
          "@octokit/core": "@octokit/core@5.0.1",
          "@octokit/oauth-app": "@octokit/oauth-app@6.0.0",
          "@octokit/plugin-paginate-rest": "@octokit/plugin-paginate-rest@9.1.2_@octokit+core@5.0.1",
          "@octokit/types": "@octokit/types@12.1.1",
          "@octokit/webhooks": "@octokit/webhooks@12.0.3"
        }
      },
      "@octokit/auth-app@6.0.1": {
        "integrity": "sha512-tjCD4nzQNZgmLH62+PSnTF6eGerisFgV4v6euhqJik6yWV96e1ZiiGj+NXIqbgnpjLmtnBqVUrNyGKu3DoGEGA==",
        "dependencies": {
          "@octokit/auth-oauth-app": "@octokit/auth-oauth-app@7.0.1",
          "@octokit/auth-oauth-user": "@octokit/auth-oauth-user@4.0.1",
          "@octokit/request": "@octokit/request@8.1.4",
          "@octokit/request-error": "@octokit/request-error@5.0.1",
          "@octokit/types": "@octokit/types@12.1.1",
          "deprecation": "deprecation@2.3.1",
          "lru-cache": "lru-cache@10.0.1",
          "universal-github-app-jwt": "universal-github-app-jwt@1.1.1",
          "universal-user-agent": "universal-user-agent@6.0.1"
        }
      },
      "@octokit/auth-oauth-app@7.0.1": {
        "integrity": "sha512-RE0KK0DCjCHXHlQBoubwlLijXEKfhMhKm9gO56xYvFmP1QTMb+vvwRPmQLLx0V+5AvV9N9I3lr1WyTzwL3rMDg==",
        "dependencies": {
          "@octokit/auth-oauth-device": "@octokit/auth-oauth-device@6.0.1",
          "@octokit/auth-oauth-user": "@octokit/auth-oauth-user@4.0.1",
          "@octokit/request": "@octokit/request@8.1.4",
          "@octokit/types": "@octokit/types@12.1.1",
          "@types/btoa-lite": "@types/btoa-lite@1.0.2",
          "btoa-lite": "btoa-lite@1.0.0",
          "universal-user-agent": "universal-user-agent@6.0.1"
        }
      },
      "@octokit/auth-oauth-device@6.0.1": {
        "integrity": "sha512-yxU0rkL65QkjbqQedgVx3gmW7YM5fF+r5uaSj9tM/cQGVqloXcqP2xK90eTyYvl29arFVCW8Vz4H/t47mL0ELw==",
        "dependencies": {
          "@octokit/oauth-methods": "@octokit/oauth-methods@4.0.0",
          "@octokit/request": "@octokit/request@8.1.4",
          "@octokit/types": "@octokit/types@12.1.1",
          "universal-user-agent": "universal-user-agent@6.0.1"
        }
      },
      "@octokit/auth-oauth-user@4.0.1": {
        "integrity": "sha512-N94wWW09d0hleCnrO5wt5MxekatqEJ4zf+1vSe8MKMrhZ7gAXKFOKrDEZW2INltvBWJCyDUELgGRv8gfErH1Iw==",
        "dependencies": {
          "@octokit/auth-oauth-device": "@octokit/auth-oauth-device@6.0.1",
          "@octokit/oauth-methods": "@octokit/oauth-methods@4.0.0",
          "@octokit/request": "@octokit/request@8.1.4",
          "@octokit/types": "@octokit/types@12.1.1",
          "btoa-lite": "btoa-lite@1.0.0",
          "universal-user-agent": "universal-user-agent@6.0.1"
        }
      },
      "@octokit/auth-token@4.0.0": {
        "integrity": "sha512-tY/msAuJo6ARbK6SPIxZrPBms3xPbfwBrulZe0Wtr/DIY9lje2HeV1uoebShn6mx7SjCHif6EjMvoREj+gZ+SA==",
        "dependencies": {}
      },
      "@octokit/auth-unauthenticated@5.0.1": {
        "integrity": "sha512-oxeWzmBFxWd+XolxKTc4zr+h3mt+yofn4r7OfoIkR/Cj/o70eEGmPsFbueyJE2iBAGpjgTnEOKM3pnuEGVmiqg==",
        "dependencies": {
          "@octokit/request-error": "@octokit/request-error@5.0.1",
          "@octokit/types": "@octokit/types@12.1.1"
        }
      },
      "@octokit/core@5.0.1": {
        "integrity": "sha512-lyeeeZyESFo+ffI801SaBKmCfsvarO+dgV8/0gD8u1d87clbEdWsP5yC+dSj3zLhb2eIf5SJrn6vDz9AheETHw==",
        "dependencies": {
          "@octokit/auth-token": "@octokit/auth-token@4.0.0",
          "@octokit/graphql": "@octokit/graphql@7.0.2",
          "@octokit/request": "@octokit/request@8.1.4",
          "@octokit/request-error": "@octokit/request-error@5.0.1",
          "@octokit/types": "@octokit/types@12.1.1",
          "before-after-hook": "before-after-hook@2.2.3",
          "universal-user-agent": "universal-user-agent@6.0.1"
        }
      },
      "@octokit/endpoint@9.0.2": {
        "integrity": "sha512-qhKW8YLIi+Kmc92FQUFGr++DYtkx/1fBv+Thua6baqnjnOsgBYJDCvWZR1YcINuHGOEQt416WOfE+A/oG60NBQ==",
        "dependencies": {
          "@octokit/types": "@octokit/types@12.1.1",
          "is-plain-object": "is-plain-object@5.0.0",
          "universal-user-agent": "universal-user-agent@6.0.1"
        }
      },
      "@octokit/graphql@7.0.2": {
        "integrity": "sha512-OJ2iGMtj5Tg3s6RaXH22cJcxXRi7Y3EBqbHTBRq+PQAqfaS8f/236fUrWhfSn8P4jovyzqucxme7/vWSSZBX2Q==",
        "dependencies": {
          "@octokit/request": "@octokit/request@8.1.4",
          "@octokit/types": "@octokit/types@12.1.1",
          "universal-user-agent": "universal-user-agent@6.0.1"
        }
      },
      "@octokit/oauth-app@6.0.0": {
        "integrity": "sha512-bNMkS+vJ6oz2hCyraT9ZfTpAQ8dZNqJJQVNaKjPLx4ue5RZiFdU1YWXguOPR8AaSHS+lKe+lR3abn2siGd+zow==",
        "dependencies": {
          "@octokit/auth-oauth-app": "@octokit/auth-oauth-app@7.0.1",
          "@octokit/auth-oauth-user": "@octokit/auth-oauth-user@4.0.1",
          "@octokit/auth-unauthenticated": "@octokit/auth-unauthenticated@5.0.1",
          "@octokit/core": "@octokit/core@5.0.1",
          "@octokit/oauth-authorization-url": "@octokit/oauth-authorization-url@6.0.2",
          "@octokit/oauth-methods": "@octokit/oauth-methods@4.0.0",
          "@types/aws-lambda": "@types/aws-lambda@8.10.126",
          "universal-user-agent": "universal-user-agent@6.0.1"
        }
      },
      "@octokit/oauth-authorization-url@6.0.2": {
        "integrity": "sha512-CdoJukjXXxqLNK4y/VOiVzQVjibqoj/xHgInekviUJV73y/BSIcwvJ/4aNHPBPKcPWFnd4/lO9uqRV65jXhcLA==",
        "dependencies": {}
      },
      "@octokit/oauth-methods@4.0.0": {
        "integrity": "sha512-dqy7BZLfLbi3/8X8xPKUKZclMEK9vN3fK5WF3ortRvtplQTszFvdAGbTo71gGLO+4ZxspNiLjnqdd64Chklf7w==",
        "dependencies": {
          "@octokit/oauth-authorization-url": "@octokit/oauth-authorization-url@6.0.2",
          "@octokit/request": "@octokit/request@8.1.4",
          "@octokit/request-error": "@octokit/request-error@5.0.1",
          "@octokit/types": "@octokit/types@11.1.0",
          "btoa-lite": "btoa-lite@1.0.0"
        }
      },
      "@octokit/openapi-types@18.1.1": {
        "integrity": "sha512-VRaeH8nCDtF5aXWnjPuEMIYf1itK/s3JYyJcWFJT8X9pSNnBtriDf7wlEWsGuhPLl4QIH4xM8fqTXDwJ3Mu6sw==",
        "dependencies": {}
      },
      "@octokit/openapi-types@19.0.2": {
        "integrity": "sha512-8li32fUDUeml/ACRp/njCWTsk5t17cfTM1jp9n08pBrqs5cDFJubtjsSnuz56r5Tad6jdEPJld7LxNp9dNcyjQ==",
        "dependencies": {}
      },
      "@octokit/plugin-paginate-graphql@4.0.0_@octokit+core@5.0.1": {
        "integrity": "sha512-7HcYW5tP7/Z6AETAPU14gp5H5KmCPT3hmJrS/5tO7HIgbwenYmgw4OY9Ma54FDySuxMwD+wsJlxtuGWwuZuItA==",
        "dependencies": {
          "@octokit/core": "@octokit/core@5.0.1"
        }
      },
      "@octokit/plugin-paginate-rest@9.1.2_@octokit+core@5.0.1": {
        "integrity": "sha512-euDbNV6fxX6btsCDnZoZM4vw3zO1nj1Z7TskHAulO6mZ9lHoFTpwll6farf+wh31mlBabgU81bBYdflp0GLVAQ==",
        "dependencies": {
          "@octokit/core": "@octokit/core@5.0.1",
          "@octokit/types": "@octokit/types@12.1.1"
        }
      },
      "@octokit/plugin-rest-endpoint-methods@10.1.2_@octokit+core@5.0.1": {
        "integrity": "sha512-JztgZ82CY4JNlPTuF0jh4iWuuGpEi5czFCoXyAbMg4F2XyFBbG5DWAKfa3odRvdZww6Df1tQgBKnqpd9X0WF9g==",
        "dependencies": {
          "@octokit/core": "@octokit/core@5.0.1",
          "@octokit/types": "@octokit/types@12.1.1"
        }
      },
      "@octokit/plugin-retry@6.0.1_@octokit+core@5.0.1": {
        "integrity": "sha512-SKs+Tz9oj0g4p28qkZwl/topGcb0k0qPNX/i7vBKmDsjoeqnVfFUquqrE/O9oJY7+oLzdCtkiWSXLpLjvl6uog==",
        "dependencies": {
          "@octokit/core": "@octokit/core@5.0.1",
          "@octokit/request-error": "@octokit/request-error@5.0.1",
          "@octokit/types": "@octokit/types@12.1.1",
          "bottleneck": "bottleneck@2.19.5"
        }
      },
      "@octokit/plugin-throttling@8.1.2_@octokit+core@5.0.1": {
        "integrity": "sha512-oFba+ioR6HGb0fgqxMta7Kpk/MdffUTuUxNY856l1nXPvh7Qggp8w4AksRx1SDA8SGd+4cbrpkY4k1J/Xz8nZQ==",
        "dependencies": {
          "@octokit/core": "@octokit/core@5.0.1",
          "@octokit/types": "@octokit/types@12.1.1",
          "bottleneck": "bottleneck@2.19.5"
        }
      },
      "@octokit/request-error@5.0.1": {
        "integrity": "sha512-X7pnyTMV7MgtGmiXBwmO6M5kIPrntOXdyKZLigNfQWSEQzVxR4a4vo49vJjTWX70mPndj8KhfT4Dx+2Ng3vnBQ==",
        "dependencies": {
          "@octokit/types": "@octokit/types@12.1.1",
          "deprecation": "deprecation@2.3.1",
          "once": "once@1.4.0"
        }
      },
      "@octokit/request@8.1.4": {
        "integrity": "sha512-M0aaFfpGPEKrg7XoA/gwgRvc9MSXHRO2Ioki1qrPDbl1e9YhjIwVoHE7HIKmv/m3idzldj//xBujcFNqGX6ENA==",
        "dependencies": {
          "@octokit/endpoint": "@octokit/endpoint@9.0.2",
          "@octokit/request-error": "@octokit/request-error@5.0.1",
          "@octokit/types": "@octokit/types@12.1.1",
          "is-plain-object": "is-plain-object@5.0.0",
          "universal-user-agent": "universal-user-agent@6.0.1"
        }
      },
      "@octokit/types@11.1.0": {
        "integrity": "sha512-Fz0+7GyLm/bHt8fwEqgvRBWwIV1S6wRRyq+V6exRKLVWaKGsuy6H9QFYeBVDV7rK6fO3XwHgQOPxv+cLj2zpXQ==",
        "dependencies": {
          "@octokit/openapi-types": "@octokit/openapi-types@18.1.1"
        }
      },
      "@octokit/types@12.1.1": {
        "integrity": "sha512-qnJTldJ1NyGT5MTsCg/Zi+y2IFHZ1Jo5+njNCjJ9FcainV7LjuHgmB697kA0g4MjZeDAJsM3B45iqCVsCLVFZg==",
        "dependencies": {
          "@octokit/openapi-types": "@octokit/openapi-types@19.0.2"
        }
      },
      "@octokit/webhooks-methods@4.0.0": {
        "integrity": "sha512-M8mwmTXp+VeolOS/kfRvsDdW+IO0qJ8kYodM/sAysk093q6ApgmBXwK1ZlUvAwXVrp/YVHp6aArj4auAxUAOFw==",
        "dependencies": {}
      },
      "@octokit/webhooks-types@7.1.0": {
        "integrity": "sha512-y92CpG4kFFtBBjni8LHoV12IegJ+KFxLgKRengrVjKmGE5XMeCuGvlfRe75lTRrgXaG6XIWJlFpIDTlkoJsU8w==",
        "dependencies": {}
      },
      "@octokit/webhooks@12.0.3": {
        "integrity": "sha512-8iG+/yza7hwz1RrQ7i7uGpK2/tuItZxZq1aTmeg2TNp2xTUB8F8lZF/FcZvyyAxT8tpDMF74TjFGCDACkf1kAQ==",
        "dependencies": {
          "@octokit/request-error": "@octokit/request-error@5.0.1",
          "@octokit/webhooks-methods": "@octokit/webhooks-methods@4.0.0",
          "@octokit/webhooks-types": "@octokit/webhooks-types@7.1.0",
          "aggregate-error": "aggregate-error@3.1.0"
        }
      },
      "@types/aws-lambda@8.10.126": {
        "integrity": "sha512-5eh4ffLdGYgGYI1Xr6W5L4IVse4RR7L2ns5OVUXA52nW5GFapIcGMcCzHAIMMOdpcQs3aGVxbvFlJNZH6IpgEQ==",
        "dependencies": {}
      },
      "@types/btoa-lite@1.0.2": {
        "integrity": "sha512-ZYbcE2x7yrvNFJiU7xJGrpF/ihpkM7zKgw8bha3LNJSesvTtUNxbpzaT7WXBIryf6jovisrxTBvymxMeLLj1Mg==",
        "dependencies": {}
      },
      "@types/jsonwebtoken@9.0.5": {
        "integrity": "sha512-VRLSGzik+Unrup6BsouBeHsf4d1hOEgYWTm/7Nmw1sXoN1+tRly/Gy/po3yeahnP4jfnQWWAhQAqcNfH7ngOkA==",
        "dependencies": {
          "@types/node": "@types/node@18.16.19"
        }
      },
      "@types/node@18.16.19": {
        "integrity": "sha512-IXl7o+R9iti9eBW4Wg2hx1xQDig183jj7YLn8F7udNceyfkbn1ZxmzZXuak20gR40D7pIkIY1kYGx5VIGbaHKA==",
        "dependencies": {}
      },
      "aggregate-error@3.1.0": {
        "integrity": "sha512-4I7Td01quW/RpocfNayFdFVk1qSuoh0E7JrbRJ16nH01HhKFQ88INq9Sd+nd72zqRySlr9BmDA8xlEJ6vJMrYA==",
        "dependencies": {
          "clean-stack": "clean-stack@2.2.0",
          "indent-string": "indent-string@4.0.0"
        }
      },
      "before-after-hook@2.2.3": {
        "integrity": "sha512-NzUnlZexiaH/46WDhANlyR2bXRopNg4F/zuSA3OpZnllCUgRaOF2znDioDWrmbNVsuZk6l9pMquQB38cfBZwkQ==",
        "dependencies": {}
      },
      "bottleneck@2.19.5": {
        "integrity": "sha512-VHiNCbI1lKdl44tGrhNfU3lup0Tj/ZBMJB5/2ZbNXRCPuRCO7ed2mgcK4r17y+KB2EfuYuRaVlwNbAeaWGSpbw==",
        "dependencies": {}
      },
      "btoa-lite@1.0.0": {
        "integrity": "sha512-gvW7InbIyF8AicrqWoptdW08pUxuhq8BEgowNajy9RhiE86fmGAGl+bLKo6oB8QP0CkqHLowfN0oJdKC/J6LbA==",
        "dependencies": {}
      },
      "buffer-equal-constant-time@1.0.1": {
        "integrity": "sha512-zRpUiDwd/xk6ADqPMATG8vc9VPrkck7T07OIx0gnjmJAnHnTVXNQG3vfvWNuiZIkwu9KrKdA1iJKfsfTVxE6NA==",
        "dependencies": {}
      },
      "clean-stack@2.2.0": {
        "integrity": "sha512-4diC9HaTE+KRAMWhDhrGOECgWZxoevMc5TlkObMqNSsVU62PYzXZ/SMTjzyGAFF1YusgxGcSWTEXBhp0CPwQ1A==",
        "dependencies": {}
      },
      "commander@11.0.0": {
        "integrity": "sha512-9HMlXtt/BNoYr8ooyjjNRdIilOTkVJXB+GhxMTtOKwk0R4j4lS4NpjuqmRxroBfnfTSHQIHQB7wryHhXarNjmQ==",
        "dependencies": {}
      },
      "commander@11.1.0": {
        "integrity": "sha512-yPVavfyCcRhmorC7rWlkHn15b4wDVgVmBA7kV4QVBsF7kv/9TKJAbAXVTxvTnwP8HHKjRCJDClKbciiYS7p0DQ==",
        "dependencies": {}
      },
      "deprecation@2.3.1": {
        "integrity": "sha512-xmHIy4F3scKVwMsQ4WnVaS8bHOx0DmVwRywosKhaILI0ywMDWPtBSku2HNxRvF7jtwDRsoEwYQSfbxj8b7RlJQ==",
        "dependencies": {}
      },
      "ecdsa-sig-formatter@1.0.11": {
        "integrity": "sha512-nagl3RYrbNv6kQkeJIpt6NJZy8twLB/2vtz6yN9Z4vRKHN4/QZJIEbqohALSgwKdnksuY3k5Addp5lg8sVoVcQ==",
        "dependencies": {
          "safe-buffer": "safe-buffer@5.2.1"
        }
      },
      "encoding@0.1.13": {
        "integrity": "sha512-ETBauow1T35Y/WZMkio9jiM0Z5xjHHmJ4XmjZOq1l/dXz3lr2sRn87nJy20RupqSh1F2m3HHPSp8ShIPQJrJ3A==",
        "dependencies": {
          "iconv-lite": "iconv-lite@0.6.3"
        }
      },
      "fetch-vcr@1.1.2": {
        "integrity": "sha512-bFOx3+5YtViximcqhG05tqMlsyPRXNOmiToDCf6TyVUCKHYP/vGPmn0HUhGVNd1jI0KpElwz+RH3X/ZQo0Asfg==",
        "dependencies": {
          "node-fetch": "node-fetch@1.7.3",
          "whatwg-fetch": "whatwg-fetch@2.0.4"
        }
      },
      "iconv-lite@0.6.3": {
        "integrity": "sha512-4fCk79wshMdzMp2rH06qWrJE4iolqLhCUH+OiuIgU++RB0+94NlDL81atO7GX55uUKueo0txHNtvEyI6D7WdMw==",
        "dependencies": {
          "safer-buffer": "safer-buffer@2.1.2"
        }
      },
      "indent-string@4.0.0": {
        "integrity": "sha512-EdDDZu4A2OyIK7Lr/2zG+w5jmbuk1DVBnEwREQvBzspBJkCEbRa8GxU1lghYcaGJCnRWibjDXlq779X1/y5xwg==",
        "dependencies": {}
      },
      "is-plain-object@5.0.0": {
        "integrity": "sha512-VRSzKkbMm5jMDoKLbltAkFQ5Qr7VDiTFGXxYFXXowVj387GeGNOCsOH6Msy00SGZ3Fp84b1Naa1psqgcCIEP5Q==",
        "dependencies": {}
      },
      "is-stream@1.1.0": {
        "integrity": "sha512-uQPm8kcs47jx38atAcWTVxyltQYoPT68y9aWYdV6yWXSyW8mzSat0TL6CiWdZeCdF3KrAvpVtnHbTv4RN+rqdQ==",
        "dependencies": {}
      },
      "jsonwebtoken@9.0.2": {
        "integrity": "sha512-PRp66vJ865SSqOlgqS8hujT5U4AOgMfhrwYIuIhfKaoSCZcirrmASQr8CX7cUg+RMih+hgznrjp99o+W4pJLHQ==",
        "dependencies": {
          "jws": "jws@3.2.2",
          "lodash.includes": "lodash.includes@4.3.0",
          "lodash.isboolean": "lodash.isboolean@3.0.3",
          "lodash.isinteger": "lodash.isinteger@4.0.4",
          "lodash.isnumber": "lodash.isnumber@3.0.3",
          "lodash.isplainobject": "lodash.isplainobject@4.0.6",
          "lodash.isstring": "lodash.isstring@4.0.1",
          "lodash.once": "lodash.once@4.1.1",
          "ms": "ms@2.1.3",
          "semver": "semver@7.5.4"
        }
      },
      "jwa@1.4.1": {
        "integrity": "sha512-qiLX/xhEEFKUAJ6FiBMbes3w9ATzyk5W7Hvzpa/SLYdxNtng+gcurvrI7TbACjIXlsJyr05/S1oUhZrc63evQA==",
        "dependencies": {
          "buffer-equal-constant-time": "buffer-equal-constant-time@1.0.1",
          "ecdsa-sig-formatter": "ecdsa-sig-formatter@1.0.11",
          "safe-buffer": "safe-buffer@5.2.1"
        }
      },
      "jws@3.2.2": {
        "integrity": "sha512-YHlZCB6lMTllWDtSPHz/ZXTsi8S00usEV6v1tjq8tOUZzw7DpSDWVXjXDre6ed1w/pd495ODpHZYSdkRTsa0HA==",
        "dependencies": {
          "jwa": "jwa@1.4.1",
          "safe-buffer": "safe-buffer@5.2.1"
        }
      },
      "lodash.includes@4.3.0": {
        "integrity": "sha512-W3Bx6mdkRTGtlJISOvVD/lbqjTlPPUDTMnlXZFnVwi9NKJ6tiAk6LVdlhZMm17VZisqhKcgzpO5Wz91PCt5b0w==",
        "dependencies": {}
      },
      "lodash.isboolean@3.0.3": {
        "integrity": "sha512-Bz5mupy2SVbPHURB98VAcw+aHh4vRV5IPNhILUCsOzRmsTmSQ17jIuqopAentWoehktxGd9e/hbIXq980/1QJg==",
        "dependencies": {}
      },
      "lodash.isinteger@4.0.4": {
        "integrity": "sha512-DBwtEWN2caHQ9/imiNeEA5ys1JoRtRfY3d7V9wkqtbycnAmTvRRmbHKDV4a0EYc678/dia0jrte4tjYwVBaZUA==",
        "dependencies": {}
      },
      "lodash.isnumber@3.0.3": {
        "integrity": "sha512-QYqzpfwO3/CWf3XP+Z+tkQsfaLL/EnUlXWVkIk5FUPc4sBdTehEqZONuyRt2P67PXAk+NXmTBcc97zw9t1FQrw==",
        "dependencies": {}
      },
      "lodash.isplainobject@4.0.6": {
        "integrity": "sha512-oSXzaWypCMHkPC3NvBEaPHf0KsA5mvPrOPgQWDsbg8n7orZ290M0BmC/jgRZ4vcJ6DTAhjrsSYgdsW/F+MFOBA==",
        "dependencies": {}
      },
      "lodash.isstring@4.0.1": {
        "integrity": "sha512-0wJxfxH1wgO3GrbuP+dTTk7op+6L41QCXbGINEmD+ny/G/eCqGzxyCsh7159S+mgDDcoarnBw6PC1PS5+wUGgw==",
        "dependencies": {}
      },
      "lodash.once@4.1.1": {
        "integrity": "sha512-Sb487aTOCr9drQVL8pIxOzVhafOjZN9UU54hiN8PU3uAiSV7lx1yYNpbNmex2PK6dSJoNTSJUUswT651yww3Mg==",
        "dependencies": {}
      },
      "lodash@4.17.21": {
        "integrity": "sha512-v2kDEe57lecTulaDIuNTPy3Ry4gLGJ6Z1O3vE1krgXZNrsQ+LFTGHVxVjcXPs17LhbZVGedAJv8XZ1tvj5FvSg==",
        "dependencies": {}
      },
      "lru-cache@10.0.1": {
        "integrity": "sha512-IJ4uwUTi2qCccrioU6g9g/5rvvVl13bsdczUUcqbciD9iLr095yj8DQKdObriEvuNSx325N1rV1O0sJFszx75g==",
        "dependencies": {}
      },
      "lru-cache@6.0.0": {
        "integrity": "sha512-Jo6dJ04CmSjuznwJSS3pUeWmd/H0ffTlkXXgwZi+eq1UCmqQwCh+eLsYOYCwY991i2Fah4h1BEMCx4qThGbsiA==",
        "dependencies": {
          "yallist": "yallist@4.0.0"
        }
      },
      "ms@2.1.3": {
        "integrity": "sha512-6FlzubTLZG3J2a/NVCAleEhjzq5oxgHyaCU9yYXvcLsvoVaHJq/s5xXI6/XXP6tz7R9xAOtHnSO/tXtF3WRTlA==",
        "dependencies": {}
      },
      "node-fetch@1.7.3": {
        "integrity": "sha512-NhZ4CsKx7cYm2vSrBAr2PvFOe6sWDf0UYLRqA6svUYg7+/TSfVAu49jYC4BvQ4Sms9SZgdqGBgroqfDhJdTyKQ==",
        "dependencies": {
          "encoding": "encoding@0.1.13",
          "is-stream": "is-stream@1.1.0"
        }
      },
      "node-fetch@2.6.9": {
        "integrity": "sha512-DJm/CJkZkRjKKj4Zi4BsKVZh3ValV5IR5s7LVZnW+6YMh0W1BfNA8XSs6DLMGYlId5F3KnA70uu2qepcR08Qqg==",
        "dependencies": {
          "whatwg-url": "whatwg-url@5.0.0"
        }
      },
      "octokat@0.10.0": {
        "integrity": "sha512-VJ21L1gMlByYMurduLYiOcI8AwlZkUV8OXRN8pMXsbkIqIVqn0tgdTfxzWM9spX4VJTTG02OgqwDTqQsOmDing==",
        "dependencies": {
          "fetch-vcr": "fetch-vcr@1.1.2",
          "lodash": "lodash@4.17.21",
          "node-fetch": "node-fetch@2.6.9"
        }
      },
      "octokit@3.1.1_@octokit+core@5.0.1": {
        "integrity": "sha512-AKJs5XYs7iAh7bskkYpxhUIpsYZdLqjnlnqrN5s9FFZuJ/a6ATUHivGpUKDpGB/xa+LGDtG9Lu8bOCfPM84vHQ==",
        "dependencies": {
          "@octokit/app": "@octokit/app@14.0.1_@octokit+core@5.0.1",
          "@octokit/core": "@octokit/core@5.0.1",
          "@octokit/oauth-app": "@octokit/oauth-app@6.0.0",
          "@octokit/plugin-paginate-graphql": "@octokit/plugin-paginate-graphql@4.0.0_@octokit+core@5.0.1",
          "@octokit/plugin-paginate-rest": "@octokit/plugin-paginate-rest@9.1.2_@octokit+core@5.0.1",
          "@octokit/plugin-rest-endpoint-methods": "@octokit/plugin-rest-endpoint-methods@10.1.2_@octokit+core@5.0.1",
          "@octokit/plugin-retry": "@octokit/plugin-retry@6.0.1_@octokit+core@5.0.1",
          "@octokit/plugin-throttling": "@octokit/plugin-throttling@8.1.2_@octokit+core@5.0.1",
          "@octokit/request-error": "@octokit/request-error@5.0.1",
          "@octokit/types": "@octokit/types@12.1.1"
        }
      },
      "once@1.4.0": {
        "integrity": "sha512-lNaJgI+2Q5URQBkccEKHTQOPaXdUxnZZElQTZY0MFUAuaEqe1E+Nyvgdz/aIyNi6Z9MzO5dv1H8n58/GELp3+w==",
        "dependencies": {
          "wrappy": "wrappy@1.0.2"
        }
      },
      "safe-buffer@5.2.1": {
        "integrity": "sha512-rp3So07KcdmmKbGvgaNxQSJr7bGVSVk5S9Eq1F+ppbRo70+YeaDxkw5Dd8NPN+GD6bjnYm2VuPuCXmpuYvmCXQ==",
        "dependencies": {}
      },
      "safer-buffer@2.1.2": {
        "integrity": "sha512-YZo3K82SD7Riyi0E1EQPojLz7kpepnSQI9IyPbHHg1XXXevb5dJI7tpyN2ADxGcQbHG7vcyRHk0cbwqcQriUtg==",
        "dependencies": {}
      },
      "sax@1.3.0": {
        "integrity": "sha512-0s+oAmw9zLl1V1cS9BtZN7JAd0cW5e0QH4W3LWEK6a4LaLEA2OTpGYWDY+6XasBLtz6wkm3u1xRw95mRuJ59WA==",
        "dependencies": {}
      },
      "semver@7.5.4": {
        "integrity": "sha512-1bCSESV6Pv+i21Hvpxp3Dx+pSD8lIPt8uVjRrxAUt/nbswYc+tK6Y2btiULjd4+fnq15PX+nqQDC7Oft7WkwcA==",
        "dependencies": {
          "lru-cache": "lru-cache@6.0.0"
        }
      },
      "tr46@0.0.3": {
        "integrity": "sha512-N3WMsuqV66lT30CrXNbEjx4GEwlow3v6rr4mCcv6prnfwhS01rkgyFdjPNBYd9br7LpXV1+Emh01fHnq2Gdgrw==",
        "dependencies": {}
      },
      "universal-github-app-jwt@1.1.1": {
        "integrity": "sha512-G33RTLrIBMFmlDV4u4CBF7dh71eWwykck4XgaxaIVeZKOYZRAAxvcGMRFTUclVY6xoUPQvO4Ne5wKGxYm/Yy9w==",
        "dependencies": {
          "@types/jsonwebtoken": "@types/jsonwebtoken@9.0.5",
          "jsonwebtoken": "jsonwebtoken@9.0.2"
        }
      },
      "universal-user-agent@6.0.1": {
        "integrity": "sha512-yCzhz6FN2wU1NiiQRogkTQszlQSlpWaw8SvVegAc+bDxbzHgh1vX8uIe8OYyMH6DwH+sdTJsgMl36+mSMdRJIQ==",
        "dependencies": {}
      },
      "valid-url@1.0.9": {
        "integrity": "sha512-QQDsV8OnSf5Uc30CKSwG9lnhMPe6exHtTXLRYX8uMwKENy640pU+2BgBL0LRbDh/eYRahNCS7aewCx0wf3NYVA==",
        "dependencies": {}
      },
      "webidl-conversions@3.0.1": {
        "integrity": "sha512-2JAn3z8AR6rjK8Sm8orRC0h/bcl/DqL7tRPdGZ4I1CjdF+EaMLmYxBHyXuKL849eucPFhvBoxMsflfOb8kxaeQ==",
        "dependencies": {}
      },
      "whatwg-fetch@2.0.4": {
        "integrity": "sha512-dcQ1GWpOD/eEQ97k66aiEVpNnapVj90/+R+SXTPYGHpYBBypfKJEQjLrvMZ7YXbKm21gXd4NcuxUTjiv1YtLng==",
        "dependencies": {}
      },
      "whatwg-url@5.0.0": {
        "integrity": "sha512-saE57nupxk6v3HY35+jzBwYa0rKSy0XR8JSxZPwgLr7ys0IBzhGviA1/TUGJLmSVqs8pb9AnvICXEuOHLprYTw==",
        "dependencies": {
          "tr46": "tr46@0.0.3",
          "webidl-conversions": "webidl-conversions@3.0.1"
        }
      },
      "wrappy@1.0.2": {
        "integrity": "sha512-l4Sp/DRseor9wL6EvV2+TuQn63dMkPjZ/sp9XkghTEbV9KlPS1xUsZ3u7/IQO4wxtcFB4bgpQPRcR3QCvezPcQ==",
        "dependencies": {}
      },
      "xml2js@0.6.2": {
        "integrity": "sha512-T4rieHaC1EXcES0Kxxj4JWgaUQHDk+qwHcYOCFHfiwKz7tOVPLq7Hjq9dM1WCMhylqMEfP7hMcOIChvotiZegA==",
        "dependencies": {
          "sax": "sax@1.3.0",
          "xmlbuilder": "xmlbuilder@11.0.1"
        }
      },
      "xmlbuilder@11.0.1": {
        "integrity": "sha512-fDlsI/kFEx7gLvbecc0/ohLG50fugQp8ryHzMTuW9vSa1GJ0XYWKnhsUx7oie3G98+r56aTQIUB4kht42R3JvA==",
        "dependencies": {}
      },
      "yallist@4.0.0": {
        "integrity": "sha512-3wdGidZyq5PB084XLES5TpOSRA3wjXAlIWMhum2kRcv/41Sn2emQ0dycQW4uZXLejwKvg6EsvbdlVL+FYEct7A==",
        "dependencies": {}
      }
    }
  },
  "redirects": {
    "https://deno.land/std/encoding/base64.ts": "https://deno.land/std@0.204.0/encoding/base64.ts",
    "https://deno.land/std/path/mod.ts": "https://deno.land/std@0.204.0/path/mod.ts",
    "https://esm.sh/@octokit/plugin-create-or-update-text-file": "https://esm.sh/@octokit/plugin-create-or-update-text-file@4.0.1",
    "https://esm.sh/octokit?dts": "https://esm.sh/octokit@3.1.1?dts"
  },
  "remote": {
    "https://deno.land/std@0.204.0/assert/assert.ts": "9a97dad6d98c238938e7540736b826440ad8c1c1e54430ca4c4e623e585607ee",
    "https://deno.land/std@0.204.0/assert/assertion_error.ts": "4d0bde9b374dfbcbe8ac23f54f567b77024fb67dbb1906a852d67fe050d42f56",
    "https://deno.land/std@0.204.0/encoding/_util.ts": "f368920189c4fe6592ab2e93bd7ded8f3065b84f95cd3e036a4a10a75649dcba",
    "https://deno.land/std@0.204.0/encoding/base64.ts": "cc03110d6518170aeaa68ec97f89c6d6e2276294b30807e7332591d7ce2e4b72",
    "https://deno.land/std@0.204.0/path/_common/assert_path.ts": "061e4d093d4ba5aebceb2c4da3318bfe3289e868570e9d3a8e327d91c2958946",
    "https://deno.land/std@0.204.0/path/_common/basename.ts": "0d978ff818f339cd3b1d09dc914881f4d15617432ae519c1b8fdc09ff8d3789a",
    "https://deno.land/std@0.204.0/path/_common/common.ts": "9e4233b2eeb50f8b2ae10ecc2108f58583aea6fd3e8907827020282dc2b76143",
    "https://deno.land/std@0.204.0/path/_common/constants.ts": "e49961f6f4f48039c0dfed3c3f93e963ca3d92791c9d478ac5b43183413136e0",
    "https://deno.land/std@0.204.0/path/_common/dirname.ts": "2ba7fb4cc9fafb0f38028f434179579ce61d4d9e51296fad22b701c3d3cd7397",
    "https://deno.land/std@0.204.0/path/_common/format.ts": "11aa62e316dfbf22c126917f5e03ea5fe2ee707386555a8f513d27ad5756cf96",
    "https://deno.land/std@0.204.0/path/_common/from_file_url.ts": "ef1bf3197d2efbf0297a2bdbf3a61d804b18f2bcce45548ae112313ec5be3c22",
    "https://deno.land/std@0.204.0/path/_common/glob_to_reg_exp.ts": "5c3c2b79fc2294ec803d102bd9855c451c150021f452046312819fbb6d4dc156",
    "https://deno.land/std@0.204.0/path/_common/is_glob.ts": "567dce5c6656bdedfc6b3ee6c0833e1e4db2b8dff6e62148e94a917f289c06ad",
    "https://deno.land/std@0.204.0/path/_common/normalize.ts": "2ba7fb4cc9fafb0f38028f434179579ce61d4d9e51296fad22b701c3d3cd7397",
    "https://deno.land/std@0.204.0/path/_common/normalize_string.ts": "88c472f28ae49525f9fe82de8c8816d93442d46a30d6bb5063b07ff8a89ff589",
    "https://deno.land/std@0.204.0/path/_common/relative.ts": "1af19d787a2a84b8c534cc487424fe101f614982ae4851382c978ab2216186b4",
    "https://deno.land/std@0.204.0/path/_common/strip_trailing_separators.ts": "7ffc7c287e97bdeeee31b155828686967f222cd73f9e5780bfe7dfb1b58c6c65",
    "https://deno.land/std@0.204.0/path/_common/to_file_url.ts": "a8cdd1633bc9175b7eebd3613266d7c0b6ae0fb0cff24120b6092ac31662f9ae",
    "https://deno.land/std@0.204.0/path/_interface.ts": "6471159dfbbc357e03882c2266d21ef9afdb1e4aa771b0545e90db58a0ba314b",
    "https://deno.land/std@0.204.0/path/_os.ts": "30b0c2875f360c9296dbe6b7f2d528f0f9c741cecad2e97f803f5219e91b40a2",
    "https://deno.land/std@0.204.0/path/basename.ts": "04bb5ef3e86bba8a35603b8f3b69537112cdd19ce64b77f2522006da2977a5f3",
    "https://deno.land/std@0.204.0/path/common.ts": "f4d061c7d0b95a65c2a1a52439edec393e906b40f1caf4604c389fae7caa80f5",
    "https://deno.land/std@0.204.0/path/dirname.ts": "88a0a71c21debafc4da7a4cd44fd32e899462df458fbca152390887d41c40361",
    "https://deno.land/std@0.204.0/path/extname.ts": "2da4e2490f3b48b7121d19fb4c91681a5e11bd6bd99df4f6f47d7a71bb6ecdf2",
    "https://deno.land/std@0.204.0/path/format.ts": "3457530cc85d1b4bab175f9ae73998b34fd456c830d01883169af0681b8894fb",
    "https://deno.land/std@0.204.0/path/from_file_url.ts": "e7fa233ea1dff9641e8d566153a24d95010110185a6f418dd2e32320926043f8",
    "https://deno.land/std@0.204.0/path/glob.ts": "9c77cf47db1d786e2ebf66670824d03fd84ecc7c807cac24441eb9d5cb6a2986",
    "https://deno.land/std@0.204.0/path/is_absolute.ts": "67232b41b860571c5b7537f4954c88d86ae2ba45e883ee37d3dec27b74909d13",
    "https://deno.land/std@0.204.0/path/join.ts": "98d3d76c819af4a11a81d5ba2dbb319f1ce9d63fc2b615597d4bcfddd4a89a09",
    "https://deno.land/std@0.204.0/path/mod.ts": "2d62a0a8b78a60e8e6f485d881bac6b61d58573b11cf585fb7c8fc50d9b20d80",
    "https://deno.land/std@0.204.0/path/normalize.ts": "aa95be9a92c7bd4f9dc0ba51e942a1973e2b93d266cd74f5ca751c136d520b66",
    "https://deno.land/std@0.204.0/path/parse.ts": "d87ff0deef3fb495bc0d862278ff96da5a06acf0625ca27769fc52ac0d3d6ece",
    "https://deno.land/std@0.204.0/path/posix/_util.ts": "ecf49560fedd7dd376c6156cc5565cad97c1abe9824f4417adebc7acc36c93e5",
    "https://deno.land/std@0.204.0/path/posix/basename.ts": "a630aeb8fd8e27356b1823b9dedd505e30085015407caa3396332752f6b8406a",
    "https://deno.land/std@0.204.0/path/posix/common.ts": "e781d395dc76f6282e3f7dd8de13194abb8b04a82d109593141abc6e95755c8b",
    "https://deno.land/std@0.204.0/path/posix/dirname.ts": "f48c9c42cc670803b505478b7ef162c7cfa9d8e751b59d278b2ec59470531472",
    "https://deno.land/std@0.204.0/path/posix/extname.ts": "ee7f6571a9c0a37f9218fbf510c440d1685a7c13082c348d701396cc795e0be0",
    "https://deno.land/std@0.204.0/path/posix/format.ts": "b94876f77e61bfe1f147d5ccb46a920636cd3cef8be43df330f0052b03875968",
    "https://deno.land/std@0.204.0/path/posix/from_file_url.ts": "b97287a83e6407ac27bdf3ab621db3fccbf1c27df0a1b1f20e1e1b5acf38a379",
    "https://deno.land/std@0.204.0/path/posix/glob.ts": "86c3f06d1c98303613c74650961c3e24bdb871cde2a97c3ae7f0f6d4abbef445",
    "https://deno.land/std@0.204.0/path/posix/is_absolute.ts": "159900a3422d11069d48395568217eb7fc105ceda2683d03d9b7c0f0769e01b8",
    "https://deno.land/std@0.204.0/path/posix/join.ts": "0c0d84bdc344876930126640011ec1b888e6facf74153ffad9ef26813aa2a076",
    "https://deno.land/std@0.204.0/path/posix/mod.ts": "6bfa8a42d85345b12dbe8571028ca2c62d460b6ef968125e498602b43b6cf6b6",
    "https://deno.land/std@0.204.0/path/posix/normalize.ts": "11de90a94ab7148cc46e5a288f7d732aade1d616bc8c862f5560fa18ff987b4b",
    "https://deno.land/std@0.204.0/path/posix/parse.ts": "199208f373dd93a792e9c585352bfc73a6293411bed6da6d3bc4f4ef90b04c8e",
    "https://deno.land/std@0.204.0/path/posix/relative.ts": "e2f230608b0f083e6deaa06e063943e5accb3320c28aef8d87528fbb7fe6504c",
    "https://deno.land/std@0.204.0/path/posix/resolve.ts": "51579d83159d5c719518c9ae50812a63959bbcb7561d79acbdb2c3682236e285",
    "https://deno.land/std@0.204.0/path/posix/separator.ts": "0b6573b5f3269a3164d8edc9cefc33a02dd51003731c561008c8bb60220ebac1",
    "https://deno.land/std@0.204.0/path/posix/to_file_url.ts": "08d43ea839ee75e9b8b1538376cfe95911070a655cd312bc9a00f88ef14967b6",
    "https://deno.land/std@0.204.0/path/posix/to_namespaced_path.ts": "c9228a0e74fd37e76622cd7b142b8416663a9b87db643302fa0926b5a5c83bdc",
    "https://deno.land/std@0.204.0/path/relative.ts": "23d45ede8b7ac464a8299663a43488aad6b561414e7cbbe4790775590db6349c",
    "https://deno.land/std@0.204.0/path/resolve.ts": "5b184efc87155a0af9fa305ff68a109e28de9aee81fc3e77cd01380f19daf867",
    "https://deno.land/std@0.204.0/path/separator.ts": "40a3e9a4ad10bef23bc2cd6c610291b6c502a06237c2c4cd034a15ca78dedc1f",
    "https://deno.land/std@0.204.0/path/to_file_url.ts": "edaafa089e0bce386e1b2d47afe7c72e379ff93b28a5829a5885e4b6c626d864",
    "https://deno.land/std@0.204.0/path/to_namespaced_path.ts": "cf8734848aac3c7527d1689d2adf82132b1618eff3cc523a775068847416b22a",
    "https://deno.land/std@0.204.0/path/windows/_util.ts": "f32b9444554c8863b9b4814025c700492a2b57ff2369d015360970a1b1099d54",
    "https://deno.land/std@0.204.0/path/windows/basename.ts": "8a9dbf7353d50afbc5b221af36c02a72c2d1b2b5b9f7c65bf6a5a2a0baf88ad3",
    "https://deno.land/std@0.204.0/path/windows/common.ts": "e781d395dc76f6282e3f7dd8de13194abb8b04a82d109593141abc6e95755c8b",
    "https://deno.land/std@0.204.0/path/windows/dirname.ts": "5c2aa541384bf0bd9aca821275d2a8690e8238fa846198ef5c7515ce31a01a94",
    "https://deno.land/std@0.204.0/path/windows/extname.ts": "07f4fa1b40d06a827446b3e3bcc8d619c5546b079b8ed0c77040bbef716c7614",
    "https://deno.land/std@0.204.0/path/windows/format.ts": "343019130d78f172a5c49fdc7e64686a7faf41553268961e7b6c92a6d6548edf",
    "https://deno.land/std@0.204.0/path/windows/from_file_url.ts": "d53335c12b0725893d768be3ac6bf0112cc5b639d2deb0171b35988493b46199",
    "https://deno.land/std@0.204.0/path/windows/glob.ts": "0286fb89ecd21db5cbf3b6c79e2b87c889b03f1311e66fb769e6b905d4142332",
    "https://deno.land/std@0.204.0/path/windows/is_absolute.ts": "245b56b5f355ede8664bd7f080c910a97e2169972d23075554ae14d73722c53c",
    "https://deno.land/std@0.204.0/path/windows/join.ts": "e6600bf88edeeef4e2276e155b8de1d5dec0435fd526ba2dc4d37986b2882f16",
    "https://deno.land/std@0.204.0/path/windows/mod.ts": "c3d1a36fbf9f6db1320bcb4fbda8de011d25461be3497105e15cbea1e3726198",
    "https://deno.land/std@0.204.0/path/windows/normalize.ts": "9deebbf40c81ef540b7b945d4ccd7a6a2c5a5992f791e6d3377043031e164e69",
    "https://deno.land/std@0.204.0/path/windows/parse.ts": "120faf778fe1f22056f33ded069b68e12447668fcfa19540c0129561428d3ae5",
    "https://deno.land/std@0.204.0/path/windows/relative.ts": "026855cd2c36c8f28f1df3c6fbd8f2449a2aa21f48797a74700c5d872b86d649",
    "https://deno.land/std@0.204.0/path/windows/resolve.ts": "5ff441ab18a2346abadf778121128ee71bda4d0898513d4639a6ca04edca366b",
    "https://deno.land/std@0.204.0/path/windows/separator.ts": "ae21f27015f10510ed1ac4a0ba9c4c9c967cbdd9d9e776a3e4967553c397bd5d",
    "https://deno.land/std@0.204.0/path/windows/to_file_url.ts": "8e9ea9e1ff364aa06fa72999204229952d0a279dbb876b7b838b2b2fea55cce3",
    "https://deno.land/std@0.204.0/path/windows/to_namespaced_path.ts": "e0f4d4a5e77f28a5708c1a33ff24360f35637ba6d8f103d19661255ef7bfd50d",
    "https://esm.sh/@octokit/plugin-create-or-update-text-file@4.0.1": "1dbb7f9b5af9d2026de97728e62abfc93c9b5d321fe4398ed12b198d4d45bb17",
    "https://esm.sh/octokit@3.1.1?dts": "190fcdf292a1533136bf1a45454feb0a724537a258bfef208937c08d76659c30",
    "https://esm.sh/v133/@octokit/app@14.0.1/denonext/app.mjs": "9299ea45ff7c66f3c74010648f588720d29773d56e2fbc025e7afaaff1cb0f74",
    "https://esm.sh/v133/@octokit/auth-app@6.0.1/denonext/auth-app.mjs": "5b4acdb7cbd68dcfc5c80a73da0e91e784605cd7c908209c6803de7fb9bd4b5d",
    "https://esm.sh/v133/@octokit/auth-oauth-app@7.0.1/denonext/auth-oauth-app.mjs": "1e048c9a851bb2077f20f32c0439f48f09a15545a0cbcf1e6b1a576112f90a61",
    "https://esm.sh/v133/@octokit/auth-oauth-device@6.0.1/denonext/auth-oauth-device.mjs": "035d69b58bb56996853f66f2ed6468ab268224c1675999a7734391283c08a331",
    "https://esm.sh/v133/@octokit/auth-oauth-user@4.0.1/denonext/auth-oauth-user.mjs": "5ea1c2b5b454df1fc06e42ac6d90ab5b0f8d0ee17931c7d91bbb6a70d8c95c2a",
    "https://esm.sh/v133/@octokit/auth-token@4.0.0/denonext/auth-token.mjs": "ab9285959f2bc3ca7942bfb81df3e2f15f5895c829455156647faa403b75703b",
    "https://esm.sh/v133/@octokit/auth-unauthenticated@5.0.1/denonext/auth-unauthenticated.mjs": "2ae0ee39a6c0f36dbfdf4af299a2f69a9cf2469e7e363f374fba7d896d7da640",
    "https://esm.sh/v133/@octokit/core@5.0.1/denonext/core.mjs": "8cf6b3b0356241eb748933f0f1ef88e3b28e3a412d17cc236f7c126a0940d830",
    "https://esm.sh/v133/@octokit/endpoint@9.0.1/denonext/endpoint.mjs": "67cedafe7cf0102a05314232e2bc807bfdb9ead23b4bf1012364b2418edcc086",
    "https://esm.sh/v133/@octokit/graphql@7.0.2/denonext/graphql.mjs": "1a1febedce4d2215b19c0acc2777d49f5ff5ed5a4fff69b698d30bbad56cb6e3",
    "https://esm.sh/v133/@octokit/oauth-app@6.0.0/denonext/oauth-app.mjs": "4132fec67281cf007955872dbb851eb56aec6f4e7bf25b1ff41fb9a5b155066a",
    "https://esm.sh/v133/@octokit/oauth-authorization-url@6.0.2/denonext/oauth-authorization-url.mjs": "c4a3809c1092ab4135bbb65ba82e885b915a3e0b68e8c9554c98766388baa399",
    "https://esm.sh/v133/@octokit/oauth-methods@4.0.0/denonext/oauth-methods.mjs": "b832f32de9162fb86221ebb7a2256e0183d7e0b850a9aa9768d75208db4cb88c",
    "https://esm.sh/v133/@octokit/plugin-create-or-update-text-file@4.0.1/denonext/plugin-create-or-update-text-file.mjs": "1be129765444d7ae0e533d2643a2a043e999956c23c731fd8596aaaca2c3ef21",
    "https://esm.sh/v133/@octokit/plugin-paginate-graphql@4.0.0/denonext/plugin-paginate-graphql.mjs": "6d2abafdadec31dc3afb9308c18a44b51b834357011d67dce611817196ac032f",
    "https://esm.sh/v133/@octokit/plugin-paginate-rest@9.0.0/denonext/plugin-paginate-rest.mjs": "aa8290a0835e2acb92abaca27d33d5991d5fe6d2d1bc9ddbd806640879d1ef62",
    "https://esm.sh/v133/@octokit/plugin-rest-endpoint-methods@10.0.0/denonext/plugin-rest-endpoint-methods.mjs": "6f82d6f255b776ccb978b1d9906e9c54e6033c0a155998188969271a8b68ce4e",
    "https://esm.sh/v133/@octokit/plugin-retry@6.0.1/denonext/plugin-retry.mjs": "503243e94d2edc6fc4e535d78c1cee73a061b2693eab7855ef9d77ab4c6e8ec8",
    "https://esm.sh/v133/@octokit/plugin-throttling@8.0.0/denonext/plugin-throttling.mjs": "1d9aea9787733d909fbbb7c52d86c01046164f1bfce24e514c88843edc1ee666",
    "https://esm.sh/v133/@octokit/request-error@5.0.1/denonext/request-error.mjs": "1470a2877881bd9696bbf59f9605a654e44421edc2926511a86af554d649587a",
    "https://esm.sh/v133/@octokit/request@8.1.3/denonext/request.mjs": "b6819980aef7da54b85a943ec6b87e402be3baebb1536ec54090ba834f01da60",
    "https://esm.sh/v133/@octokit/webhooks-methods@4.0.0/denonext/webhooks-methods.mjs": "b44d80a07e6e698c95a2fc2789e2caf10b4ff821300e947b2e79c449453a7a19",
    "https://esm.sh/v133/@octokit/webhooks@12.0.3/denonext/webhooks.mjs": "ab2e6cec55c57d6042996ed13fe667e803dadd778c900071c2d399944470194c",
    "https://esm.sh/v133/aggregate-error@3.1.0/denonext/aggregate-error.mjs": "d236bc1eaaa1a49e385e926dd8cb88f10ceca9a193aa673767d02ed6a79ee2a3",
    "https://esm.sh/v133/before-after-hook@2.2.3/denonext/before-after-hook.mjs": "f4262d059d899d7fcaa8d903bcf352df38ac1c040bb45273d79de200ffdad267",
    "https://esm.sh/v133/bottleneck@2.19.5/denonext/light.js": "964cbaaa1bf999d34a2410023ae269f921c82c72009c707a1fd02fb6abad5b1d",
    "https://esm.sh/v133/btoa-lite@1.0.0/denonext/btoa-lite.mjs": "5f8ecdf77c8824225e30cf84b62ded0fa667ef51fe1a8b772b1ddf46410bf78f",
    "https://esm.sh/v133/clean-stack@2.2.0/denonext/clean-stack.mjs": "8a2732fd195c0663d9f8a3957932215f3d4cb45dbe2f4747c9f39a966a4f067b",
    "https://esm.sh/v133/deprecation@2.3.1/denonext/deprecation.mjs": "0bf7139d1068345709e59dddb4daea315691d290a8c896a6e076dea02dd66eaf",
    "https://esm.sh/v133/indent-string@4.0.0/denonext/indent-string.mjs": "de4038b836a42fe2a7c453bd0b44cdae706a9560bbef99b1857c13f9d55ace14",
    "https://esm.sh/v133/is-plain-object@5.0.0/denonext/is-plain-object.mjs": "6d9568ddc8b90de99a46c63e14984810280b6b021dc4e478803b3c240811985f",
    "https://esm.sh/v133/lru-cache@10.0.1/denonext/lru-cache.mjs": "0bf693a0bedd7806c7bf2f336f83ec6dd1933b881703cf59bee326573473aa35",
    "https://esm.sh/v133/octokit@3.1.1/denonext/octokit.mjs": "44c17e858677fa04b1b03fe68f0fc4771be2b5c260f7bd5139278d4cf5ccbbd0",
    "https://esm.sh/v133/once@1.4.0/denonext/once.mjs": "d7e21ef5a35414088302698d792bc53e29e3678087c03046155b676de4eeb2cc",
    "https://esm.sh/v133/universal-github-app-jwt@1.1.1/denonext/universal-github-app-jwt.mjs": "546280ef9d50e167172bc039c0c2f4348a728ae1732f467af726b08491d2ea18",
    "https://esm.sh/v133/universal-user-agent@6.0.0/denonext/universal-user-agent.mjs": "2969647abd054007e6d838dd2ecc7de9c513c18c43322dfa3de57eec8d2d6447",
    "https://esm.sh/v133/wrappy@1.0.2/denonext/wrappy.mjs": "3c31e4782e0307cf56b319fcec6110f925dafe6cb47a8fa23350d480f5fa8b06"
  }
}
